
Microsoft Visual Studio Solution File, Format Version 12.00
# Visual Studio Version 16
VisualStudioVersion = 16.0.29424.173
MinimumVisualStudioVersion = 10.0.40219.1
Project("{FAE04EC0-301F-11D3-BF4B-00C04F79EFBC}") = "EnumAgent", "EnumAgent\EnumAgent.csproj", "{5E2601D0-04F3-4072-8B43-A1BEF43573D7}"
EndProject
Project("{FAE04EC0-301F-11D3-BF4B-00C04F79EFBC}") = "Test", "Test\Test.csproj", "{C28598F4-E658-4F12-9E92-7736C881148A}"
EndProject
Global
	GlobalSection(SolutionConfigurationPlatforms) = preSolution
		Debug|Any CPU = Debug|Any CPU
		Release|Any CPU = Release|Any CPU
	EndGlobalSection
	GlobalSection(ProjectConfigurationPlatforms) = postSolution
		{5E2601D0-04F3-4072-8B43-A1BEF43573D7}.Debug|Any CPU.ActiveCfg = Debug|Any CPU
		{5E2601D0-04F3-4072-8B43-A1BEF43573D7}.Debug|Any CPU.Build.0 = Debug|Any CPU
		{5E2601D0-04F3-4072-8B43-A1BEF43573D7}.Release|Any CPU.ActiveCfg = Release|Any CPU
		{5E2601D0-04F3-4072-8B43-A1BEF43573D7}.Release|Any CPU.Build.0 = Release|Any CPU
		{C28598F4-E658-4F12-9E92-7736C881148A}.Debug|Any CPU.ActiveCfg = Debug|Any CPU
		{C28598F4-E658-4F12-9E92-7736C881148A}.Debug|Any CPU.Build.0 = Debug|Any CPU
		{C28598F4-E658-4F12-9E92-7736C881148A}.Release|Any CPU.ActiveCfg = Release|Any CPU
		{C28598F4-E658-4F12-9E92-7736C881148A}.Release|Any CPU.Build.0 = Release|Any CPU
	EndGlobalSection
	GlobalSection(SolutionProperties) = preSolution
		HideSolutionNode = FALSE
	EndGlobalSection
	GlobalSection(ExtensibilityGlobals) = postSolution
		SolutionGuid = {27471FBB-7E15-4926-8B29-02D9167F9235}
	EndGlobalSection
EndGlobal
